
Microsoft Visual Studio Solution File, Format Version 12.00
# Visual Studio Version 16
VisualStudioVersion = 16.0.29418.71
MinimumVisualStudioVersion = 10.0.40219.1
Project("{FAE04EC0-301F-11D3-BF4B-00C04F79EFBC}") = "ConsoleApplication", "ConsoleApplication\ConsoleApplication.csproj", "{47A41F6D-59FB-46EB-8012-41D93C4095B7}"
EndProject
Global
	GlobalSection(SolutionConfigurationPlatforms) = preSolution
		Debug|Any CPU = Debug|Any CPU
		Release|Any CPU = Release|Any CPU
	EndGlobalSection
	GlobalSection(ProjectConfigurationPlatforms) = postSolution
		{47A41F6D-59FB-46EB-8012-41D93C4095B7}.Debug|Any CPU.ActiveCfg = Debug|Any CPU
		{47A41F6D-59FB-46EB-8012-41D93C4095B7}.Debug|Any CPU.Build.0 = Debug|Any CPU
		{47A41F6D-59FB-46EB-8012-41D93C4095B7}.Release|Any CPU.ActiveCfg = Release|Any CPU
		{47A41F6D-59FB-46EB-8012-41D93C4095B7}.Release|Any CPU.Build.0 = Release|Any CPU
	EndGlobalSection
	GlobalSection(SolutionProperties) = preSolution
		HideSolutionNode = FALSE
	EndGlobalSection
	GlobalSection(ExtensibilityGlobals) = postSolution
		SolutionGuid = {C5697D73-AA3A-482E-8397-9F9535E0255E}
	EndGlobalSection
EndGlobal
